
Microsoft Visual Studio Solution File, Format Version 12.00
# Visual Studio Version 17
VisualStudioVersion = 17.1.32210.238
MinimumVisualStudioVersion = 10.0.40219.1
Project("{9A19103F-16F7-4668-BE54-9A1E7A4F7556}") = "GridColor", "GridColor.csproj", "{43AC7046-6920-4513-8162-D2178223EC21}"
EndProject
Project("{FAE04EC0-301F-11D3-BF4B-00C04F79EFBC}") = "TestProject1", "TestProject1\TestProject1.csproj", "{182A0061-4A54-49E6-8C7B-939A5A0AFD3C}"
EndProject
Global
	GlobalSection(SolutionConfigurationPlatforms) = preSolution
		Debug|Any CPU = Debug|Any CPU
		Release|Any CPU = Release|Any CPU
	EndGlobalSection
	GlobalSection(ProjectConfigurationPlatforms) = postSolution
		{43AC7046-6920-4513-8162-D2178223EC21}.Debug|Any CPU.ActiveCfg = Debug|Any CPU
		{43AC7046-6920-4513-8162-D2178223EC21}.Debug|Any CPU.Build.0 = Debug|Any CPU
		{43AC7046-6920-4513-8162-D2178223EC21}.Release|Any CPU.ActiveCfg = Release|Any CPU
		{43AC7046-6920-4513-8162-D2178223EC21}.Release|Any CPU.Build.0 = Release|Any CPU
		{182A0061-4A54-49E6-8C7B-939A5A0AFD3C}.Debug|Any CPU.ActiveCfg = Debug|Any CPU
		{182A0061-4A54-49E6-8C7B-939A5A0AFD3C}.Debug|Any CPU.Build.0 = Debug|Any CPU
		{182A0061-4A54-49E6-8C7B-939A5A0AFD3C}.Release|Any CPU.ActiveCfg = Release|Any CPU
		{182A0061-4A54-49E6-8C7B-939A5A0AFD3C}.Release|Any CPU.Build.0 = Release|Any CPU
	EndGlobalSection
	GlobalSection(SolutionProperties) = preSolution
		HideSolutionNode = FALSE
	EndGlobalSection
	GlobalSection(ExtensibilityGlobals) = postSolution
		SolutionGuid = {42DF5386-C6D7-4CD8-8C3B-EB09EAFF2801}
	EndGlobalSection
EndGlobal
